# This lock file was generated by conda-lock (https://github.com/conda/conda-lock). DO NOT EDIT!
#
# A "lock file" contains a concrete list of package versions (with checksums) to be installed. Unlike
# e.g. `conda env create`, the resulting environment will not change as new package versions become
# available, unless you explicitly update the lock file.
#
# Install this environment as "YOURENV" with:
#     conda-lock install -n YOURENV conda-lock.yml
# To update a single package to the latest version compatible with the version constraints in the source:
#     conda-lock lock  --lockfile conda-lock.yml --update PACKAGE
# To re-solve the entire environment, e.g. after changing a version constraint in the source file:
#     conda-lock -f environment.yml --lockfile conda-lock.yml
version: 1
metadata:
  content_hash:
    linux-64: a40ccf155d5e534ecf8fa22ca34997cd1fde3df6f5c2a8b0b08fbc0895ee5740
    osx-64: 3eb80d6b891d61d368f0a98447f10137fae5028b7bb24129c870130cc173874d
    osx-arm64: f695dc87888b6168120df2914f35f6372c1a918811773b46af6eb44d096da5bc
  channels:
  - url: conda-forge
    used_env_vars: []
  platforms:
  - linux-64
  - osx-64
  - osx-arm64
  sources:
  - environment.yml
package:
- name: _openmp_mutex
  version: '4.5'
  manager: conda
  platform: linux-64
  dependencies:
    __glibc: '>=2.17,<3.0.a0'
    libgomp: '>=7.5.0'
  url: https://conda.anaconda.org/conda-forge/linux-64/_openmp_mutex-4.5-20_gnu.conda
  hash:
    md5: a9f577daf3de00bca7c3c76c0ecbd1de
    sha256: 1dd3fffd892081df9726d7eb7e0dea6198962ba775bd88842135a4ddb4deb3c9
  category: main
  optional: false
- name: _openmp_mutex
  version: '4.5'
  manager: conda
  platform: osx-64
  dependencies:
    llvm-openmp: '>=9.0.1'
  url: https://conda.anaconda.org/conda-forge/osx-64/_openmp_mutex-4.5-7_kmp_llvm.conda
  hash:
    md5: eaac87c21aff3ed21ad9656697bb8326
    sha256: 30006902a9274de8abdad5a9f02ef7c8bb3d69a503486af0c1faee30b023e5b7
  category: main
  optional: false
- name: _openmp_mutex
  version: '4.5'
  manager: conda
  platform: osx-arm64
  dependencies:
    llvm-openmp: '>=9.0.1'
  url: https://conda.anaconda.org/conda-forge/osx-arm64/_openmp_mutex-4.5-7_kmp_llvm.conda
  hash:
    md5: a44032f282e7d2acdeb1c240308052dd
    sha256: 7acaa2e0782cad032bdaf756b536874346ac1375745fb250e9bdd6a48a7ab3cd
  category: main
  optional: false
- name: bzip2
  version: 1.0.8
  manager: conda
  platform: linux-64
  dependencies:
    __glibc: '>=2.17,<3.0.a0'
    libgcc: '>=14'
  url: https://conda.anaconda.org/conda-forge/linux-64/bzip2-1.0.8-hda65f42_10.conda
  hash:
    md5: e675fabcf81499adc7edf58124fb1e01
    sha256: 1a0d382c515ebf55f8ee1f38c8b81bc95af5c2acc42ad53b66bc5df932032f96
  category: main
  optional: false
- name: bzip2
  version: 1.0.8
  manager: conda
  platform: osx-64
  dependencies:
    __osx: '>=11.0'
  url: https://conda.anaconda.org/conda-forge/osx-64/bzip2-1.0.8-h374f1ed_10.conda
  hash:
    md5: 9d9a39212a876e4bb751c1cc3927b678
    sha256: 4ed83961876dc8844a6f0df49c07b408efbaea275ffb0b37133e24c006990b3a
  category: main
  optional: false
- name: bzip2
  version: 1.0.8
  manager: conda
  platform: osx-arm64
  dependencies:
    __osx: '>=11.0'
  url: https://conda.anaconda.org/conda-forge/osx-arm64/bzip2-1.0.8-h4e30115_10.conda
  hash:
    md5: b50612e7d190b8061ab4e7dc119cf4d5
    sha256: 8ec22f0ba25cbfc2e64d70cf29459eccd7ffdf6436f6a6ff15bbfef799f7d4f6
  category: main
  optional: false
- name: ca-certificates
  version: 2026.7.22
  manager: conda
  platform: linux-64
  dependencies:
    __unix: ''
  url: https://conda.anaconda.org/conda-forge/noarch/ca-certificates-2026.7.22-hbd8a1cb_0.conda
  hash:
    md5: 0f51e2391ade309db462a55611263e9c
    sha256: 0a0544cf95f64394fe4959286f5c71f5444ad58feb0602e53becb27448d24da6
  category: main
  optional: false
- name: ca-certificates
  version: 2026.7.22
  manager: conda
  platform: osx-64
  dependencies:
    __unix: ''
  url: https://conda.anaconda.org/conda-forge/noarch/ca-certificates-2026.7.22-hbd8a1cb_0.conda
  hash:
    md5: 0f51e2391ade309db462a55611263e9c
    sha256: 0a0544cf95f64394fe4959286f5c71f5444ad58feb0602e53becb27448d24da6
  category: main
  optional: false
- name: ca-certificates
  version: 2026.7.22
  manager: conda
  platform: osx-arm64
  dependencies:
    __unix: ''
  url: https://conda.anaconda.org/conda-forge/noarch/ca-certificates-2026.7.22-hbd8a1cb_0.conda
  hash:
    md5: 0f51e2391ade309db462a55611263e9c
    sha256: 0a0544cf95f64394fe4959286f5c71f5444ad58feb0602e53becb27448d24da6
  category: main
  optional: false
- name: dssp
  version: 4.5.3
  manager: conda
  platform: linux-64
  dependencies:
    __glibc: '>=2.17,<3.0.a0'
    bzip2: '>=1.0.8,<2.0a0'
    icu: '>=75.1,<76.0a0'
    libboost: '>=1.86.0,<1.87.0a0'
    libboost-python: '>=1.86.0,<1.87.0a0'
    libgcc: '>=14'
    libstdcxx: '>=14'
    libzlib: '>=1.3.1,<2.0a0'
    python: 3.12.*
    python_abi: 3.12.*
  url: https://conda.anaconda.org/conda-forge/linux-64/dssp-4.5.3-py312h664ff3f_8.conda
  hash:
    md5: ea5dadb4f16cd378ec4b108a4b46c4b0
    sha256: 7a6d180d0517daeda7ce49bfcc4506915474cb1af2681dace2e584a071d01d82
  category: main
  optional: false
- name: dssp
  version: 4.5.3
  manager: conda
  platform: osx-64
  dependencies:
    __osx: '>=10.15'
    bzip2: '>=1.0.8,<2.0a0'
    icu: '>=75.1,<76.0a0'
    libboost: '>=1.86.0,<1.87.0a0'
    libboost-python: '>=1.86.0,<1.87.0a0'
    libcxx: '>=19'
    libzlib: '>=1.3.1,<2.0a0'
    python: 3.12.*
    python_abi: 3.12.*
  url: https://conda.anaconda.org/conda-forge/osx-64/dssp-4.5.3-py312h71f8fb1_8.conda
  hash:
    md5: 7af5c43d511c4a9d918f57500e557104
    sha256: 54ff54cc6823a5e0be48995a1a18372b7c4c297cdae11c696f8bde64a96649ae
  category: main
  optional: false
- name: dssp
  version: 4.5.3
  manager: conda
  platform: osx-arm64
  dependencies:
    __osx: '>=11.0'
    bzip2: '>=1.0.8,<2.0a0'
    icu: '>=75.1,<76.0a0'
    libboost: '>=1.86.0,<1.87.0a0'
    libboost-python: '>=1.86.0,<1.87.0a0'
    libcxx: '>=19'
    libzlib: '>=1.3.1,<2.0a0'
    python: 3.12.*
    python_abi: 3.12.*
  url: https://conda.anaconda.org/conda-forge/osx-arm64/dssp-4.5.3-py312h74bb6e9_8.conda
  hash:
    md5: 15078f1234e49109f542dbdd68e95206
    sha256: bc2474a380b33e309b06d124e49b95d3cb4eaf5114a900e021459fa9d35d7f7b
  category: main
  optional: false
- name: icu
  version: '75.1'
  manager: conda
  platform: linux-64
  dependencies:
    __glibc: '>=2.17,<3.0.a0'
    libgcc-ng: '>=12'
    libstdcxx-ng: '>=12'
  url: https://conda.anaconda.org/conda-forge/linux-64/icu-75.1-he02047a_0.conda
  hash:
    md5: 8b189310083baabfb622af68fd9d3ae3
    sha256: 71e750d509f5fa3421087ba88ef9a7b9be11c53174af3aa4d06aff4c18b38e8e
  category: main
  optional: false
- name: icu
  version: '75.1'
  manager: conda
  platform: osx-64
  dependencies:
    __osx: '>=10.13'
  url: https://conda.anaconda.org/conda-forge/osx-64/icu-75.1-h120a0e1_0.conda
  hash:
    md5: d68d48a3060eb5abdc1cdc8e2a3a5966
    sha256: 2e64307532f482a0929412976c8450c719d558ba20c0962832132fd0d07ba7a7
  category: main
  optional: false
- name: icu
  version: '75.1'
  manager: conda
  platform: osx-arm64
  dependencies:
    __osx: '>=11.0'
  url: https://conda.anaconda.org/conda-forge/osx-arm64/icu-75.1-hfee45f7_0.conda
  hash:
    md5: 5eb22c1d7b3fc4abb50d92d621583137
    sha256: 9ba12c93406f3df5ab0a43db8a4b4ef67a5871dfd401010fbe29b218b2cbe620
  category: main
  optional: false
- name: ld_impl_linux-64
  version: 2.46.1
  manager: conda
  platform: linux-64
  dependencies:
    __glibc: '>=2.17,<3.0.a0'
    zstd: '>=1.5.7,<1.6.0a0'
  url: https://conda.anaconda.org/conda-forge/linux-64/ld_impl_linux-64-2.46.1-default_hbd61a6d_102.conda
  hash:
    md5: 449500f2c089da11c40f5c21312e3e07
    sha256: 27d83f1188cd19bcb7754a078b3fa7f4cfb8527f8eb2fde54dd01fc529d1adec
  category: main
  optional: false
- name: libblas
  version: 3.11.0
  manager: conda
  platform: linux-64
  dependencies:
    libopenblas: '>=0.3.34,<1.0a0'
  url: https://conda.anaconda.org/conda-forge/linux-64/libblas-3.11.0-9_h4a7cf45_openblas.conda
  hash:
    md5: f5c4b041925dea221dc4bad2e50569d9
    sha256: 39c7b3c5427b435c9c059ede9da61d46d42574e5b846ad37fdc3af4a5eab1e48
  category: main
  optional: false
- name: libblas
  version: 3.11.0
  manager: conda
  platform: osx-64
  dependencies:
    libopenblas: '>=0.3.34,<1.0a0'
  url: https://conda.anaconda.org/conda-forge/osx-64/libblas-3.11.0-9_he492b99_openblas.conda
  hash:
    md5: 0b64f88d69c7a28d2bec8784acd79a50
    sha256: f2cb41355db01a4302d5149eb6ee9ad56d71f58bb6a006d964af373164d9157e
  category: main
  optional: false
- name: libblas
  version: 3.11.0
  manager: conda
  platform: osx-arm64
  dependencies:
    libopenblas: '>=0.3.34,<1.0a0'
  url: https://conda.anaconda.org/conda-forge/osx-arm64/libblas-3.11.0-9_h51639a9_openblas.conda
  hash:
    md5: cb1f85be9d88af453fcda3dfba995099
    sha256: 0437866fe43b4c911470d3e7ddea18d78390bd7062d9563ce6d38c8ba5798405
  category: main
  optional: false
- name: libboost
  version: 1.86.0
  manager: conda
  platform: linux-64
  dependencies:
    __glibc: '>=2.17,<3.0.a0'
    bzip2: '>=1.0.8,<2.0a0'
    icu: '>=75.1,<76.0a0'
    libgcc: '>=14'
    liblzma: '>=5.8.1,<6.0a0'
    libstdcxx: '>=14'
    libzlib: '>=1.3.1,<2.0a0'
    zstd: '>=1.5.7,<1.6.0a0'
  url: https://conda.anaconda.org/conda-forge/linux-64/libboost-1.86.0-hed09d94_4.conda
  hash:
    md5: b708abf3b6a0f3cf2f833d2edf18aff0
    sha256: 2e9778d8c3bbc6e7698fd87a1499a68ca1f02be37f6aaefa7541eb2728ffbff3
  category: main
  optional: false
- name: libboost
  version: 1.86.0
  manager: conda
  platform: osx-64
  dependencies:
    __osx: '>=10.13'
    bzip2: '>=1.0.8,<2.0a0'
    icu: '>=75.1,<76.0a0'
    libcxx: '>=19'
    liblzma: '>=5.8.1,<6.0a0'
    libzlib: '>=1.3.1,<2.0a0'
    zstd: '>=1.5.7,<1.6.0a0'
  url: https://conda.anaconda.org/conda-forge/osx-64/libboost-1.86.0-hb2bbd1d_4.conda
  hash:
    md5: 84262b75468880fe2fa6858ea0ce8e0e
    sha256: 6d80e4e92fcf8a6bbd8424b43e6ec5b66d8b334e2bdbf2a8ef3f89bfc24c1bb3
  category: main
  optional: false
- name: libboost
  version: 1.86.0
  manager: conda
  platform: osx-arm64
  dependencies:
    __osx: '>=11.0'
    bzip2: '>=1.0.8,<2.0a0'
    icu: '>=75.1,<76.0a0'
    libcxx: '>=19'
    liblzma: '>=5.8.1,<6.0a0'
    libzlib: '>=1.3.1,<2.0a0'
    zstd: '>=1.5.7,<1.6.0a0'
  url: https://conda.anaconda.org/conda-forge/osx-arm64/libboost-1.86.0-hf493ff8_4.conda
  hash:
    md5: abb88838f1ba4f91f588f8eb47bc0549
    sha256: 045e14f278f081c642325e382a81bb7593cd19a91a0208a6ee86217954493b8d
  category: main
  optional: false
- name: libboost-python
  version: 1.86.0
  manager: conda
  platform: linux-64
  dependencies:
    __glibc: '>=2.17,<3.0.a0'
    libgcc: '>=14'
    libstdcxx: '>=14'
    numpy: '>=1.23,<3'
    python: '>=3.12,<3.13.0a0'
    python_abi: 3.12.*
  url: https://conda.anaconda.org/conda-forge/linux-64/libboost-python-1.86.0-py312hf890105_5.conda
  hash:
    md5: 1630127107ab1cfb9ca9468f9318fa29
    sha256: 7e4fd809fb926627c8c626d1265785c1d0420ea34aa910a0c901c48737474259
  category: main
  optional: false
- name: libboost-python
  version: 1.86.0
  manager: conda
  platform: osx-64
  dependencies:
    __osx: '>=10.13'
    libcxx: '>=19'
    numpy: '>=1.23,<3'
    python: '>=3.12,<3.13.0a0'
    python_abi: 3.12.*
  url: https://conda.anaconda.org/conda-forge/osx-64/libboost-python-1.86.0-py312h3a26c12_5.conda
  hash:
    md5: 84650ec666b21b2a0bf4218f0b94d1e8
    sha256: 861bb5393b15e98bfac3b1f02237e7a8c3da24e3e584cff5ba08c12cf76cbc9c
  category: main
  optional: false
- name: libboost-python
  version: 1.86.0
  manager: conda
  platform: osx-arm64
  dependencies:
    __osx: '>=11.0'
    libcxx: '>=19'
    numpy: '>=1.23,<3'
    python: '>=3.12,<3.13.0a0'
    python_abi: 3.12.*
  url: https://conda.anaconda.org/conda-forge/osx-arm64/libboost-python-1.86.0-py312hdeff4eb_5.conda
  hash:
    md5: a1bd6dbd8795a23cae468f59a0795883
    sha256: ed62e2a4fa93de99dda3a79db77c7f595bd1377abe03b225ffd4aeefab38e108
  category: main
  optional: false
- name: libcblas
  version: 3.11.0
  manager: conda
  platform: linux-64
  dependencies:
    libblas: 3.11.0
  url: https://conda.anaconda.org/conda-forge/linux-64/libcblas-3.11.0-9_h0358290_openblas.conda
  hash:
    md5: 092c5649f3727af436ab0f67f48c3811
    sha256: 4c532a70ea9aeff2fa1aabaa4828ebc00c2ed12b22aa8ba19da5302b882fc82b
  category: main
  optional: false
- name: libcblas
  version: 3.11.0
  manager: conda
  platform: osx-64
  dependencies:
    libblas: 3.11.0
  url: https://conda.anaconda.org/conda-forge/osx-64/libcblas-3.11.0-9_h9b27e0a_openblas.conda
  hash:
    md5: c92b138788de547ef31c924d254e6547
    sha256: 6e88bd92b55a9e938f7dc7ba11eb9afea6aff1553854d2bb81642dca2f8bdeac
  category: main
  optional: false
- name: libcblas
  version: 3.11.0
  manager: conda
  platform: osx-arm64
  dependencies:
    libblas: 3.11.0
  url: https://conda.anaconda.org/conda-forge/osx-arm64/libcblas-3.11.0-9_hb0561ab_openblas.conda
  hash:
    md5: a7b6ba94e3ca58bc7d4e1ae4ff95c215
    sha256: c4c71f20fdb20c86bf6f61c8c31bb349e4055bb4d19928e8580bb5615039cb4b
  category: main
  optional: false
- name: libcxx
  version: 22.1.8
  manager: conda
  platform: osx-64
  dependencies:
    __osx: '>=11.0'
  url: https://conda.anaconda.org/conda-forge/osx-64/libcxx-22.1.8-h19cb2f5_0.conda
  hash:
    md5: 0f600157f28fc7bc9549ecafdfa5bc12
    sha256: 57ee997f1f800cf38abc743c0f0a9ddfe6a101c697c35510452ce6f4ddf96361
  category: main
  optional: false
- name: libcxx
  version: 22.1.8
  manager: conda
  platform: osx-arm64
  dependencies:
    __osx: '>=11.0'
  url: https://conda.anaconda.org/conda-forge/osx-arm64/libcxx-22.1.8-h55c6f16_0.conda
  hash:
    md5: 89f76a2a21a3ec3ec983b5eb237c4113
    sha256: a2e7abab5add9750fab064c024394de48e49f97631c605ad5db5c8ac3fc769ef
  category: main
  optional: false
- name: libexpat
  version: 2.8.1
  manager: conda
  platform: linux-64
  dependencies:
    __glibc: '>=2.17,<3.0.a0'
    libgcc: '>=14'
  url: https://conda.anaconda.org/conda-forge/linux-64/libexpat-2.8.1-hecca717_1.conda
  hash:
    md5: b24d3c612f71e7aa74158d92106318b2
    sha256: 16feffd9ddbbe5b718515d38ee376c685ba95491cd901244e24671d20b952a77
  category: main
  optional: false
- name: libexpat
  version: 2.8.1
  manager: conda
  platform: osx-64
  dependencies:
    __osx: '>=11.0'
  url: https://conda.anaconda.org/conda-forge/osx-64/libexpat-2.8.1-hcc62823_1.conda
  hash:
    md5: dcfdea7b7013beef0a4d744d776ea38f
    sha256: 9c96cc05e056e1bba5b545cbbd57b6e01db622dc2c82934caaaa25cfb22fe666
  category: main
  optional: false
- name: libexpat
  version: 2.8.1
  manager: conda
  platform: osx-arm64
  dependencies:
    __osx: '>=11.0'
  url: https://conda.anaconda.org/conda-forge/osx-arm64/libexpat-2.8.1-hf6b4638_1.conda
  hash:
    md5: a915151d5d3c5bf039f5ccc8402a436f
    sha256: 5af74261101e3c777399c6294b2b5d290e508153268eb2e9ff99c4d69834612f
  category: main
  optional: false
- name: libffi
  version: 3.4.6
  manager: conda
  platform: linux-64
  dependencies:
    __glibc: '>=2.17,<3.0.a0'
    libgcc: '>=13'
  url: https://conda.anaconda.org/conda-forge/linux-64/libffi-3.4.6-h2dba641_1.conda
  hash:
    md5: ede4673863426c0883c0063d853bbd85
    sha256: 764432d32db45466e87f10621db5b74363a9f847d2b8b1f9743746cd160f06ab
  category: main
  optional: false
- name: libffi
  version: 3.4.6
  manager: conda
  platform: osx-64
  dependencies:
    __osx: '>=10.13'
  url: https://conda.anaconda.org/conda-forge/osx-64/libffi-3.4.6-h281671d_1.conda
  hash:
    md5: 4ca9ea59839a9ca8df84170fab4ceb41
    sha256: 6394b1bc67c64a21a5cc73d1736d1d4193a64515152e861785c44d2cfc49edf3
  category: main
  optional: false
- name: libffi
  version: 3.4.6
  manager: conda
  platform: osx-arm64
  dependencies:
    __osx: '>=11.0'
  url: https://conda.anaconda.org/conda-forge/osx-arm64/libffi-3.4.6-h1da3d7d_1.conda
  hash:
    md5: c215a60c2935b517dcda8cad4705734d
    sha256: c6a530924a9b14e193ea9adfe92843de2a806d1b7dbfd341546ece9653129e60
  category: main
  optional: false
- name: libgcc
  version: 16.1.0
  manager: conda
  platform: linux-64
  dependencies:
    __glibc: '>=2.17,<3.0.a0'
    _openmp_mutex: '>=4.5'
  url: https://conda.anaconda.org/conda-forge/linux-64/libgcc-16.1.0-ha9f2e26_1.conda
  hash:
    md5: 5a7d954665c707c93311657cd779c705
    sha256: d5cb8475131c31680f8fd30512c418f373064e272e452063276a8fb14c9fa42f
  category: main
  optional: false
- name: libgcc
  version: 16.1.0
  manager: conda
  platform: osx-64
  dependencies:
    _openmp_mutex: ''
  url: https://conda.anaconda.org/conda-forge/osx-64/libgcc-16.1.0-h13771c8_1.conda
  hash:
    md5: 8740e0ab12141e4b6d69877c552b06d2
    sha256: 9d36dbe759160f7f0e50753d63f956e9c8bce8d19c667285afda32f49e7eb256
  category: main
  optional: false
- name: libgcc
  version: 16.1.0
  manager: conda
  platform: osx-arm64
  dependencies:
    _openmp_mutex: ''
  url: https://conda.anaconda.org/conda-forge/osx-arm64/libgcc-16.1.0-h3cf6597_1.conda
  hash:
    md5: 0124dc2e6f70f3e8ebea643b42b18abb
    sha256: fdd1502babb50b802d090496586231f56236d7a6fc042a4e1ac2dee48da8366b
  category: main
  optional: false
- name: libgcc-ng
  version: 16.1.0
  manager: conda
  platform: linux-64
  dependencies:
    libgcc: 16.1.0
  url: https://conda.anaconda.org/conda-forge/linux-64/libgcc-ng-16.1.0-h69a702a_1.conda
  hash:
    md5: 7ed870c014a6f23c7dfafda53d2763a9
    sha256: 225275c562337a1cd61705da0ee4235dde7bba7504de1c34b74c894adb2b0eee
  category: main
  optional: false
- name: libgfortran
  version: 16.1.0
  manager: conda
  platform: linux-64
  dependencies:
    libgfortran5: 16.1.0
  url: https://conda.anaconda.org/conda-forge/linux-64/libgfortran-16.1.0-h69a702a_1.conda
  hash:
    md5: 2fbed65cc90cf0724e1ec4de13696737
    sha256: 9e82d410a50bd4e5e47cbbb026454c3eb543954baca4db23929575b571bf56a3
  category: main
  optional: false
- name: libgfortran
  version: 16.1.0
  manager: conda
  platform: osx-64
  dependencies:
    libgfortran5: 16.1.0
  url: https://conda.anaconda.org/conda-forge/osx-64/libgfortran-16.1.0-h7e5c614_1.conda
  hash:
    md5: 0fcefb3d06bd72bd61435fd2fae351b6
    sha256: a34b6224081d6a34cb06cae813f6fe06ce5d1d5b9049e4f172b5f684a81c1978
  category: main
  optional: false
- name: libgfortran
  version: 16.1.0
  manager: conda
  platform: osx-arm64
  dependencies:
    libgfortran5: 16.1.0
  url: https://conda.anaconda.org/conda-forge/osx-arm64/libgfortran-16.1.0-h07b0088_1.conda
  hash:
    md5: d6f10dbb9c5830f540904c91ea5b252a
    sha256: d7c6dd601dbbde495ab213a76d690b2fec19455d26c595ec0257cfde3e80166b
  category: main
  optional: false
- name: libgfortran5
  version: 16.1.0
  manager: conda
  platform: linux-64
  dependencies:
    __glibc: '>=2.17,<3.0.a0'
    libgcc: '>=16.1.0'
  url: https://conda.anaconda.org/conda-forge/linux-64/libgfortran5-16.1.0-h79bb938_1.conda
  hash:
    md5: dd51ed33e8c70995f8e33cc9dc537297
    sha256: 05078ab464d506dff971860cb1a553b35bc27c0b5ce8ec29b8bfaca5f2359652
  category: main
  optional: false
- name: libgfortran5
  version: 16.1.0
  manager: conda
  platform: osx-64
  dependencies:
    libgcc: '>=16.1.0'
  url: https://conda.anaconda.org/conda-forge/osx-64/libgfortran5-16.1.0-h70d9f54_1.conda
  hash:
    md5: dcd171b89443b4302929ea8081a32fc9
    sha256: 66404e44a45fdc6eb56116b82bda2b44a812fbea30a55be8991dfdef6046c59d
  category: main
  optional: false
- name: libgfortran5
  version: 16.1.0
  manager: conda
  platform: osx-arm64
  dependencies:
    libgcc: '>=16.1.0'
  url: https://conda.anaconda.org/conda-forge/osx-arm64/libgfortran5-16.1.0-h32cdfcc_1.conda
  hash:
    md5: c1c10ea48f95054aa9b93c2315a0a74a
    sha256: 3e8cb79a421e0c350566717febdba9079574cbbe204591b4fd4b4081ea89cb92
  category: main
  optional: false
- name: libgomp
  version: 16.1.0
  manager: conda
  platform: linux-64
  dependencies:
    __glibc: '>=2.17,<3.0.a0'
  url: https://conda.anaconda.org/conda-forge/linux-64/libgomp-16.1.0-he0feb66_1.conda
  hash:
    md5: 88f2d91cb1533194c323534253094d23
    sha256: 62cb599ad0539d99386515326d9d5e8f51f75a60c69c2131b21df76edf35bd89
  category: main
  optional: false
- name: liblapack
  version: 3.11.0
  manager: conda
  platform: linux-64
  dependencies:
    libblas: 3.11.0
  url: https://conda.anaconda.org/conda-forge/linux-64/liblapack-3.11.0-9_h47877c9_openblas.conda
  hash:
    md5: e51473c2b7e1f9cb61daafccfd912abf
    sha256: ea989e2dabd21d296a5a4ec515e695645aefcdf778ffdb5eeea515421d243ab5
  category: main
  optional: false
- name: liblapack
  version: 3.11.0
  manager: conda
  platform: osx-64
  dependencies:
    libblas: 3.11.0
  url: https://conda.anaconda.org/conda-forge/osx-64/liblapack-3.11.0-9_h859234e_openblas.conda
  hash:
    md5: 1e0ca6e718cc2bc174a8eb274594ee53
    sha256: 2423fcf10a031116dd3370b80a662032df7ce3ef1fa846202f40e4a3653ce41e
  category: main
  optional: false
- name: liblapack
  version: 3.11.0
  manager: conda
  platform: osx-arm64
  dependencies:
    libblas: 3.11.0
  url: https://conda.anaconda.org/conda-forge/osx-arm64/liblapack-3.11.0-9_hd9741b5_openblas.conda
  hash:
    md5: ecc87ca1e25bd94a08c82904eb4e6846
    sha256: db09e8e6a58415da1d866221cf518e53e84c6766a4500faae716cfa204f696ff
  category: main
  optional: false
- name: liblzma
  version: 5.8.3
  manager: conda
  platform: linux-64
  dependencies:
    __glibc: '>=2.17,<3.0.a0'
    libgcc: '>=14'
  url: https://conda.anaconda.org/conda-forge/linux-64/liblzma-5.8.3-hb03c661_1.conda
  hash:
    md5: 1390b7c5ac0b1d8e447bc5efa6d3c8c2
    sha256: 9787df8c22a59c9a70d3e5a10db9ad663485e75e9ccc3f09bd092cb7b95e0dab
  category: main
  optional: false
- name: liblzma
  version: 5.8.3
  manager: conda
  platform: osx-64
  dependencies:
    __osx: '>=11.0'
  url: https://conda.anaconda.org/conda-forge/osx-64/liblzma-5.8.3-hbb4bfdb_1.conda
  hash:
    md5: daf49067580fbfeae3ac7f9535400494
    sha256: 7915dac7c71c208e40e716e2f6d3eff41a8d5584e0e7c2d46f9bf9bd5f9aa739
  category: main
  optional: false
- name: liblzma
  version: 5.8.3
  manager: conda
  platform: osx-arm64
  dependencies:
    __osx: '>=11.0'
  url: https://conda.anaconda.org/conda-forge/osx-arm64/liblzma-5.8.3-h8088a28_1.conda
  hash:
    md5: 8ab10323068b107661a4b9a4af84f3b5
    sha256: 23d0630046a3e8b164d8f80f2b74ed2605af2e7050ab9913018056402fae4311
  category: main
  optional: false
- name: libnsl
  version: 2.0.1
  manager: conda
  platform: linux-64
  dependencies:
    __glibc: '>=2.17,<3.0.a0'
    libgcc: '>=13'
  url: https://conda.anaconda.org/conda-forge/linux-64/libnsl-2.0.1-hb9d3cd8_1.conda
  hash:
    md5: d864d34357c3b65a4b731f78c0801dc4
    sha256: 927fe72b054277cde6cb82597d0fcf6baf127dcbce2e0a9d8925a68f1265eef5
  category: main
  optional: false
- name: libopenblas
  version: 0.3.34
  manager: conda
  platform: linux-64
  dependencies:
    __glibc: '>=2.17,<3.0.a0'
    libgcc: '>=14'
    libgfortran: ''
    libgfortran5: '>=14.3.0'
  url: https://conda.anaconda.org/conda-forge/linux-64/libopenblas-0.3.34-pthreads_h94d23a6_0.conda
  hash:
    md5: c282d68f272927612462b5d626838ef1
    sha256: 23392fc4f4e5ba230fcd1ef825878ba5ca7ee4f6259fac0cbb13299134b7bf7a
  category: main
  optional: false
- name: libopenblas
  version: 0.3.34
  manager: conda
  platform: osx-64
  dependencies:
    __osx: '>=11.0'
    libgfortran: ''
    libgfortran5: '>=14.3.0'
    llvm-openmp: '>=19.1.7'
  url: https://conda.anaconda.org/conda-forge/osx-64/libopenblas-0.3.34-openmp_h9e49c7b_0.conda
  hash:
    md5: eb636cb4b9bc89623ff2c7c4d76c52e8
    sha256: 34883347832a1776a821f188272183acdf108c4199875a44ccab583b4017920d
  category: main
  optional: false
- name: libopenblas
  version: 0.3.34
  manager: conda
  platform: osx-arm64
  dependencies:
    __osx: '>=11.0'
    libgfortran: ''
    libgfortran5: '>=14.3.0'
    llvm-openmp: '>=19.1.7'
  url: https://conda.anaconda.org/conda-forge/osx-arm64/libopenblas-0.3.34-openmp_he657e61_0.conda
  hash:
    md5: 89d28fb841cf16211318524fa985e384
    sha256: bcf1967f12f1b1cc769dcc77b255fb1b27aaceb2f185450e9596d137bc6ede76
  category: main
  optional: false
- name: libsqlite
  version: 3.53.4
  manager: conda
  platform: linux-64
  dependencies:
    __glibc: '>=2.17,<3.0.a0'
    libgcc: '>=14'
    libzlib: '>=1.3.2,<2.0a0'
  url: https://conda.anaconda.org/conda-forge/linux-64/libsqlite-3.53.4-h0c1763c_0.conda
  hash:
    md5: 56d6a60586cc886c9a6fd3288de4b9a2
    sha256: 3d1d47d465a3e7ac37c9c37802313a4a33ea91057bb7b87b9ec31e309f7dc163
  category: main
  optional: false
- name: libsqlite
  version: 3.53.4
  manager: conda
  platform: osx-64
  dependencies:
    __osx: '>=11.0'
    libzlib: '>=1.3.2,<2.0a0'
  url: https://conda.anaconda.org/conda-forge/osx-64/libsqlite-3.53.4-h77d7759_0.conda
  hash:
    md5: 993009426e1d3aa90eed155171bd59d8
    sha256: 5725d44a17d196adba9798a5fd9f692b7039a827cd6145556a072a80e1931c49
  category: main
  optional: false
- name: libsqlite
  version: 3.53.4
  manager: conda
  platform: osx-arm64
  dependencies:
    __osx: '>=11.0'
    libzlib: '>=1.3.2,<2.0a0'
  url: https://conda.anaconda.org/conda-forge/osx-arm64/libsqlite-3.53.4-h1b79a29_0.conda
  hash:
    md5: 4aad9a4de332ab9ce571ef3901810b32
    sha256: 9c50de03f8ff9f7e57fc5c13748736bae0538b93421eca0d3471ccb93f8b3d19
  category: main
  optional: false
- name: libstdcxx
  version: 16.1.0
  manager: conda
  platform: linux-64
  dependencies:
    __glibc: '>=2.17,<3.0.a0'
    libgcc: 16.1.0
  url: https://conda.anaconda.org/conda-forge/linux-64/libstdcxx-16.1.0-h934c35e_1.conda
  hash:
    md5: aed6cf89adc1e9b846e4367ac538e434
    sha256: 79721dd08aeb0ab9e773f1f9ef41cf4e6c17477e3d72319147619045bce05a09
  category: main
  optional: false
- name: libstdcxx-ng
  version: 16.1.0
  manager: conda
  platform: linux-64
  dependencies:
    libstdcxx: 16.1.0
  url: https://conda.anaconda.org/conda-forge/linux-64/libstdcxx-ng-16.1.0-hdf11a46_1.conda
  hash:
    md5: c94f06123272d8e129d4acf3a25ffb35
    sha256: 2876ca4463d1b394eb969ce4a84d1620aa63fb8202a6397837d1e45ec76c1208
  category: main
  optional: false
- name: libuuid
  version: 2.42.2
  manager: conda
  platform: linux-64
  dependencies:
    __glibc: '>=2.17,<3.0.a0'
    libgcc: '>=14'
  url: https://conda.anaconda.org/conda-forge/linux-64/libuuid-2.42.2-h5347b49_0.conda
  hash:
    md5: 01bb81d12c957de066ea7362007df642
    sha256: 9b1bdce27a7e31f7d241aeecff67a1f3101d52a2b1e33ccc2cdf2613072bf81f
  category: main
  optional: false
- name: libxcrypt
  version: 4.4.38
  manager: conda
  platform: linux-64
  dependencies:
    __glibc: '>=2.17,<3.0.a0'
    libgcc: '>=14'
  url: https://conda.anaconda.org/conda-forge/linux-64/libxcrypt-4.4.38-h280c20c_0.conda
  hash:
    md5: f7a7ff5a6ab331e037abd34f379a631d
    sha256: f7e9292dd219a6435bbb1223da9586c3e70d66d169c5a92f08db3f2127df04e9
  category: main
  optional: false
- name: libzlib
  version: 1.3.2
  manager: conda
  platform: linux-64
  dependencies:
    __glibc: '>=2.17,<3.0.a0'
  url: https://conda.anaconda.org/conda-forge/linux-64/libzlib-1.3.2-h25fd6f3_3.conda
  hash:
    md5: 0de0122d9570a8ab637c6b73db268389
    sha256: eb8a0db0aa570124f7d2a93d7c7f596e3390df5e047818d873baad32985fc736
  category: main
  optional: false
- name: libzlib
  version: 1.3.2
  manager: conda
  platform: osx-64
  dependencies:
    __osx: '>=11.0'
  url: https://conda.anaconda.org/conda-forge/osx-64/libzlib-1.3.2-hbb4bfdb_3.conda
  hash:
    md5: 7d3fa28263bb7f8ea32db11f570a5bb6
    sha256: b2dba286dd6632292b12296e761193b5ef9fb0eaeecaa481f5ba9af72c0c18e1
  category: main
  optional: false
- name: libzlib
  version: 1.3.2
  manager: conda
  platform: osx-arm64
  dependencies:
    __osx: '>=11.0'
  url: https://conda.anaconda.org/conda-forge/osx-arm64/libzlib-1.3.2-h8088a28_3.conda
  hash:
    md5: f39288f0ea63ae962e1a2e4f355a0d75
    sha256: a18fa5d5bac452401459f966cf0d872224e8080c4ff93c77e168d43ab42ef9d7
  category: main
  optional: false
- name: llvm-openmp
  version: 22.1.8
  manager: conda
  platform: osx-64
  dependencies:
    __osx: '>=11.0'
  url: https://conda.anaconda.org/conda-forge/osx-64/llvm-openmp-22.1.8-h0d3cbff_0.conda
  hash:
    md5: 9d5828c46147a47f828ca47a18407621
    sha256: 7e8dcf03c2ef5491405d6d86eb892d14e99902f50f4eeb250db0cbdc58dd5818
  category: main
  optional: false
- name: llvm-openmp
  version: 22.1.8
  manager: conda
  platform: osx-arm64
  dependencies:
    __osx: '>=11.0'
  url: https://conda.anaconda.org/conda-forge/osx-arm64/llvm-openmp-22.1.8-hc7d1edf_0.conda
  hash:
    md5: a9c118f6343fb6301b6f3b4e94c4c562
    sha256: ccbaad6bbc88f135ab849bc36af5fa6eda36a9ed18ce6f58e3dde3d11784c156
  category: main
  optional: false
- name: ncurses
  version: '6.6'
  manager: conda
  platform: linux-64
  dependencies:
    __glibc: '>=2.17,<3.0.a0'
    libgcc: '>=14'
  url: https://conda.anaconda.org/conda-forge/linux-64/ncurses-6.6-hdb14827_1.conda
  hash:
    md5: ee6c0cd80a60961a1f48aa3e0b91f986
    sha256: 5d46557214ed184381dafe835b7c94a474a1c3b307a08a250b1ea4779b44ffb3
  category: main
  optional: false
- name: ncurses
  version: '6.6'
  manager: conda
  platform: osx-64
  dependencies:
    __osx: '>=11.0'
  url: https://conda.anaconda.org/conda-forge/osx-64/ncurses-6.6-hcc0dc9a_1.conda
  hash:
    md5: 88a79390f87c8f3334b9999a892e78d4
    sha256: 12c1d676b9a0e8109b576672519312c5428308f3f3d7706f8717e2f536d5d9e7
  category: main
  optional: false
- name: ncurses
  version: '6.6'
  manager: conda
  platform: osx-arm64
  dependencies:
    __osx: '>=11.0'
  url: https://conda.anaconda.org/conda-forge/osx-arm64/ncurses-6.6-he64c551_1.conda
  hash:
    md5: 3dfa0d0316dc246cd44937a557de4501
    sha256: 7024a48c8c0d0114ed4ab53c76bf9275d50e91ba7cea367a9aead638d3c29c68
  category: main
  optional: false
- name: numpy
  version: 2.5.2
  manager: conda
  platform: linux-64
  dependencies:
    __glibc: '>=2.17,<3.0.a0'
    libblas: '>=3.9.0,<4.0a0'
    libcblas: '>=3.9.0,<4.0a0'
    libgcc: '>=14'
    liblapack: '>=3.9.0,<4.0a0'
    libstdcxx: '>=14'
    python: ''
    python_abi: 3.12.*
  url: https://conda.anaconda.org/conda-forge/linux-64/numpy-2.5.2-py312h33ff503_0.conda
  hash:
    md5: 3e15aca2584b6c69dc09ba2aa5ae1503
    sha256: 1235aaa0e265d7b0247fe6fb456a55f10f5fddf5349b652727fcdcdff4a26eb4
  category: main
  optional: false
- name: numpy
  version: 2.5.2
  manager: conda
  platform: osx-64
  dependencies:
    __osx: '>=11.0'
    libblas: '>=3.9.0,<4.0a0'
    libcblas: '>=3.9.0,<4.0a0'
    libcxx: '>=19'
    liblapack: '>=3.9.0,<4.0a0'
    python: ''
    python_abi: 3.12.*
  url: https://conda.anaconda.org/conda-forge/osx-64/numpy-2.5.2-py312h746d82c_0.conda
  hash:
    md5: 5a0d4329e7da6739494a1164e6c7347c
    sha256: 2f5f4801205205061d33c80bbad7135be37df1960ef1204b684161d7d3717b36
  category: main
  optional: false
- name: numpy
  version: 2.5.2
  manager: conda
  platform: osx-arm64
  dependencies:
    __osx: '>=11.0'
    libblas: '>=3.9.0,<4.0a0'
    libcblas: '>=3.9.0,<4.0a0'
    libcxx: '>=19'
    liblapack: '>=3.9.0,<4.0a0'
    python: ''
    python_abi: 3.12.*
  url: https://conda.anaconda.org/conda-forge/osx-arm64/numpy-2.5.2-py312ha003a3f_0.conda
  hash:
    md5: 5a583eb529f07aa541a8c8bc40d6dbc4
    sha256: 4d3691e7657703979c3b55bcc8d69639ccb7b75f15ebd6a32c74411592e8c0f7
  category: main
  optional: false
- name: openssl
  version: 3.6.3
  manager: conda
  platform: linux-64
  dependencies:
    __glibc: '>=2.17,<3.0.a0'
    ca-certificates: ''
    libgcc: '>=14'
  url: https://conda.anaconda.org/conda-forge/linux-64/openssl-3.6.3-h35e630c_1.conda
  hash:
    md5: c5955c27917ff2234def47f075e71e02
    sha256: 012096056b97abf1f68c46b7146bd2cbd68c1be762340b4f5dad4fbbe99177bc
  category: main
  optional: false
- name: openssl
  version: 3.6.3
  manager: conda
  platform: osx-64
  dependencies:
    __osx: '>=11.0'
    ca-certificates: ''
  url: https://conda.anaconda.org/conda-forge/osx-64/openssl-3.6.3-hc881268_1.conda
  hash:
    md5: da403ed66c373b5fb25266b4be662327
    sha256: d43abd09a455847108fc821e81cf4e36dba31755263a1313b6f1b538ac218998
  category: main
  optional: false
- name: openssl
  version: 3.6.3
  manager: conda
  platform: osx-arm64
  dependencies:
    __osx: '>=11.0'
    ca-certificates: ''
  url: https://conda.anaconda.org/conda-forge/osx-arm64/openssl-3.6.3-hd24854e_1.conda
  hash:
    md5: 65d1906712b85d1679263c518d011b5b
    sha256: 66be2283b5b37dcda1332b5e74c1782a8cb14fd2e62e0d38017c2d35bf73c119
  category: main
  optional: false
- name: packaging
  version: '26.3'
  manager: conda
  platform: linux-64
  dependencies:
    python: ''
  url: https://conda.anaconda.org/conda-forge/noarch/packaging-26.3-pyhc364b38_0.conda
  hash:
    md5: 936687ed80f295a1f5dbcf8bd34c252c
    sha256: c432626b16768b8dab228bfb706f7060c2d462a21c516d240f68f2f902b5a044
  category: main
  optional: false
- name: packaging
  version: '26.3'
  manager: conda
  platform: osx-64
  dependencies:
    python: '>=3.9'
  url: https://conda.anaconda.org/conda-forge/noarch/packaging-26.3-pyhc364b38_0.conda
  hash:
    md5: 936687ed80f295a1f5dbcf8bd34c252c
    sha256: c432626b16768b8dab228bfb706f7060c2d462a21c516d240f68f2f902b5a044
  category: main
  optional: false
- name: packaging
  version: '26.3'
  manager: conda
  platform: osx-arm64
  dependencies:
    python: '>=3.9'
  url: https://conda.anaconda.org/conda-forge/noarch/packaging-26.3-pyhc364b38_0.conda
  hash:
    md5: 936687ed80f295a1f5dbcf8bd34c252c
    sha256: c432626b16768b8dab228bfb706f7060c2d462a21c516d240f68f2f902b5a044
  category: main
  optional: false
- name: pip
  version: 26.2.1
  manager: conda
  platform: linux-64
  dependencies:
    python: '>=3.10,<3.13.0a0'
    setuptools: ''
    wheel: ''
  url: https://conda.anaconda.org/conda-forge/noarch/pip-26.2.1-pyh8b19718_0.conda
  hash:
    md5: 77b6cf3b0689d9fc68561df0db9b856d
    sha256: c205bae42eb11b364fe3663a817cbcbc20a8ef544c6b2ff6f391013487117259
  category: main
  optional: false
- name: pip
  version: 26.2.1
  manager: conda
  platform: osx-64
  dependencies:
    python: '>=3.10,<3.13.0a0'
    setuptools: ''
    wheel: ''
  url: https://conda.anaconda.org/conda-forge/noarch/pip-26.2.1-pyh8b19718_0.conda
  hash:
    md5: 77b6cf3b0689d9fc68561df0db9b856d
    sha256: c205bae42eb11b364fe3663a817cbcbc20a8ef544c6b2ff6f391013487117259
  category: main
  optional: false
- name: pip
  version: 26.2.1
  manager: conda
  platform: osx-arm64
  dependencies:
    python: '>=3.10,<3.13.0a0'
    setuptools: ''
    wheel: ''
  url: https://conda.anaconda.org/conda-forge/noarch/pip-26.2.1-pyh8b19718_0.conda
  hash:
    md5: 77b6cf3b0689d9fc68561df0db9b856d
    sha256: c205bae42eb11b364fe3663a817cbcbc20a8ef544c6b2ff6f391013487117259
  category: main
  optional: false
- name: python
  version: 3.12.11
  manager: conda
  platform: linux-64
  dependencies:
    __glibc: '>=2.17,<3.0.a0'
    bzip2: '>=1.0.8,<2.0a0'
    ld_impl_linux-64: '>=2.36.1'
    libexpat: '>=2.7.0,<3.0a0'
    libffi: '>=3.4.6,<3.5.0a0'
    libgcc: '>=13'
    liblzma: '>=5.8.1,<6.0a0'
    libnsl: '>=2.0.1,<2.1.0a0'
    libsqlite: '>=3.50.0,<4.0a0'
    libuuid: '>=2.38.1,<3.0a0'
    libxcrypt: '>=4.4.36'
    libzlib: '>=1.3.1,<2.0a0'
    ncurses: '>=6.5,<7.0a0'
    openssl: '>=3.5.0,<4.0a0'
    pip: ''
    readline: '>=8.2,<9.0a0'
    tk: '>=8.6.13,<8.7.0a0'
    tzdata: ''
  url: https://conda.anaconda.org/conda-forge/linux-64/python-3.12.11-h9e4cc4f_0_cpython.conda
  hash:
    md5: 94206474a5608243a10c92cefbe0908f
    sha256: 6cca004806ceceea9585d4d655059e951152fc774a471593d4f5138e6a54c81d
  category: main
  optional: false
- name: python
  version: 3.12.11
  manager: conda
  platform: osx-64
  dependencies:
    __osx: '>=10.13'
    bzip2: '>=1.0.8,<2.0a0'
    libexpat: '>=2.7.0,<3.0a0'
    libffi: '>=3.4.6,<3.5.0a0'
    liblzma: '>=5.8.1,<6.0a0'
    libsqlite: '>=3.50.0,<4.0a0'
    libzlib: '>=1.3.1,<2.0a0'
    ncurses: '>=6.5,<7.0a0'
    openssl: '>=3.5.0,<4.0a0'
    pip: ''
    readline: '>=8.2,<9.0a0'
    tk: '>=8.6.13,<8.7.0a0'
    tzdata: ''
  url: https://conda.anaconda.org/conda-forge/osx-64/python-3.12.11-h9ccd52b_0_cpython.conda
  hash:
    md5: 06049132ecd09d0c1dc3d54d93cf1d5d
    sha256: ebda5b5e8e25976013fdd81b5ba253705b076741d02bdc8ab32763f2afb2c81b
  category: main
  optional: false
- name: python
  version: 3.12.11
  manager: conda
  platform: osx-arm64
  dependencies:
    __osx: '>=11.0'
    bzip2: '>=1.0.8,<2.0a0'
    libexpat: '>=2.7.0,<3.0a0'
    libffi: '>=3.4.6,<3.5.0a0'
    liblzma: '>=5.8.1,<6.0a0'
    libsqlite: '>=3.50.0,<4.0a0'
    libzlib: '>=1.3.1,<2.0a0'
    ncurses: '>=6.5,<7.0a0'
    openssl: '>=3.5.0,<4.0a0'
    pip: ''
    readline: '>=8.2,<9.0a0'
    tk: '>=8.6.13,<8.7.0a0'
    tzdata: ''
  url: https://conda.anaconda.org/conda-forge/osx-arm64/python-3.12.11-hc22306f_0_cpython.conda
  hash:
    md5: 9207ebad7cfbe2a4af0702c92fd031c4
    sha256: cde8b944c2dc378a5afbc48028d0843583fd215493d5885a80f1b41de085552f
  category: main
  optional: false
- name: python_abi
  version: '3.12'
  manager: conda
  platform: linux-64
  dependencies: {}
  url: https://conda.anaconda.org/conda-forge/noarch/python_abi-3.12-8_cp312.conda
  hash:
    md5: c3efd25ac4d74b1584d2f7a57195ddf1
    sha256: 80677180dd3c22deb7426ca89d6203f1c7f1f256f2d5a94dc210f6e758229809
  category: main
  optional: false
- name: python_abi
  version: '3.12'
  manager: conda
  platform: osx-64
  dependencies: {}
  url: https://conda.anaconda.org/conda-forge/noarch/python_abi-3.12-8_cp312.conda
  hash:
    md5: c3efd25ac4d74b1584d2f7a57195ddf1
    sha256: 80677180dd3c22deb7426ca89d6203f1c7f1f256f2d5a94dc210f6e758229809
  category: main
  optional: false
- name: python_abi
  version: '3.12'
  manager: conda
  platform: osx-arm64
  dependencies: {}
  url: https://conda.anaconda.org/conda-forge/noarch/python_abi-3.12-8_cp312.conda
  hash:
    md5: c3efd25ac4d74b1584d2f7a57195ddf1
    sha256: 80677180dd3c22deb7426ca89d6203f1c7f1f256f2d5a94dc210f6e758229809
  category: main
  optional: false
- name: readline
  version: '8.3'
  manager: conda
  platform: linux-64
  dependencies:
    __glibc: '>=2.17,<3.0.a0'
    libgcc: '>=14'
    ncurses: '>=6.5,<7.0a0'
  url: https://conda.anaconda.org/conda-forge/linux-64/readline-8.3-h853b02a_0.conda
  hash:
    md5: d7d95fc8287ea7bf33e0e7116d2b95ec
    sha256: 12ffde5a6f958e285aa22c191ca01bbd3d6e710aa852e00618fa6ddc59149002
  category: main
  optional: false
- name: readline
  version: '8.3'
  manager: conda
  platform: osx-64
  dependencies:
    __osx: '>=10.13'
    ncurses: '>=6.5,<7.0a0'
  url: https://conda.anaconda.org/conda-forge/osx-64/readline-8.3-h68b038d_0.conda
  hash:
    md5: eefd65452dfe7cce476a519bece46704
    sha256: 4614af680aa0920e82b953fece85a03007e0719c3399f13d7de64176874b80d5
  category: main
  optional: false
- name: readline
  version: '8.3'
  manager: conda
  platform: osx-arm64
  dependencies:
    __osx: '>=11.0'
    ncurses: '>=6.5,<7.0a0'
  url: https://conda.anaconda.org/conda-forge/osx-arm64/readline-8.3-h46df422_0.conda
  hash:
    md5: f8381319127120ce51e081dce4865cf4
    sha256: a77010528efb4b548ac2a4484eaf7e1c3907f2aec86123ed9c5212ae44502477
  category: main
  optional: false
- name: setuptools
  version: 84.0.0
  manager: conda
  platform: linux-64
  dependencies:
    python: '>=3.10'
  url: https://conda.anaconda.org/conda-forge/noarch/setuptools-84.0.0-pyh332efcf_0.conda
  hash:
    md5: 62ac906f1cd582c6c264c95625cb9d6f
    sha256: 9e200ee5f9ff19a4d94e4b51c4856d53dec849f91032f345cf0c6bc3d51a7183
  category: main
  optional: false
- name: setuptools
  version: 84.0.0
  manager: conda
  platform: osx-64
  dependencies:
    python: '>=3.10'
  url: https://conda.anaconda.org/conda-forge/noarch/setuptools-84.0.0-pyh332efcf_0.conda
  hash:
    md5: 62ac906f1cd582c6c264c95625cb9d6f
    sha256: 9e200ee5f9ff19a4d94e4b51c4856d53dec849f91032f345cf0c6bc3d51a7183
  category: main
  optional: false
- name: setuptools
  version: 84.0.0
  manager: conda
  platform: osx-arm64
  dependencies:
    python: '>=3.10'
  url: https://conda.anaconda.org/conda-forge/noarch/setuptools-84.0.0-pyh332efcf_0.conda
  hash:
    md5: 62ac906f1cd582c6c264c95625cb9d6f
    sha256: 9e200ee5f9ff19a4d94e4b51c4856d53dec849f91032f345cf0c6bc3d51a7183
  category: main
  optional: false
- name: tk
  version: 8.6.13
  manager: conda
  platform: linux-64
  dependencies:
    __glibc: '>=2.17,<3.0.a0'
    libgcc: '>=14'
    libzlib: '>=1.3.2,<2.0a0'
  url: https://conda.anaconda.org/conda-forge/linux-64/tk-8.6.13-noxft_hd70dff1_3.conda
  hash:
    md5: 48a1049e710857572fc2a832aa394d9f
    sha256: 43624eab22f5f29df7d6ffe914cf442f28fd559b55b290906255492826e636e8
  category: main
  optional: false
- name: tk
  version: 8.6.13
  manager: conda
  platform: osx-64
  dependencies:
    __osx: '>=11.0'
    libzlib: '>=1.3.2,<2.0a0'
  url: https://conda.anaconda.org/conda-forge/osx-64/tk-8.6.13-hb794df6_3.conda
  hash:
    md5: bc699b366e49399bf8e5c6de99bb8cfb
    sha256: 670a364b8285887e5738880bb026f721af2662cfefe9ef64aa9e93eff1981535
  category: main
  optional: false
- name: tk
  version: 8.6.13
  manager: conda
  platform: osx-arm64
  dependencies:
    __osx: '>=11.0'
    libzlib: '>=1.3.2,<2.0a0'
  url: https://conda.anaconda.org/conda-forge/osx-arm64/tk-8.6.13-hd3d0363_3.conda
  hash:
    md5: 8e3cf0e455e6b54519f0b1c72c61780a
    sha256: 47186bc7ab8d7e8bee86bbd1a917196f8c21cf63f081fc33cd6d1221af087580
  category: main
  optional: false
- name: tzdata
  version: 2026c
  manager: conda
  platform: linux-64
  dependencies: {}
  url: https://conda.anaconda.org/conda-forge/noarch/tzdata-2026c-h151e31d_0.conda
  hash:
    md5: fcb489df604d100968b737f2cb6076c6
    sha256: b928c30ddcb0e3f544c6eade8352737e6e610e263276b90232db6a578ef899d8
  category: main
  optional: false
- name: tzdata
  version: 2026c
  manager: conda
  platform: osx-64
  dependencies: {}
  url: https://conda.anaconda.org/conda-forge/noarch/tzdata-2026c-h151e31d_0.conda
  hash:
    md5: fcb489df604d100968b737f2cb6076c6
    sha256: b928c30ddcb0e3f544c6eade8352737e6e610e263276b90232db6a578ef899d8
  category: main
  optional: false
- name: tzdata
  version: 2026c
  manager: conda
  platform: osx-arm64
  dependencies: {}
  url: https://conda.anaconda.org/conda-forge/noarch/tzdata-2026c-h151e31d_0.conda
  hash:
    md5: fcb489df604d100968b737f2cb6076c6
    sha256: b928c30ddcb0e3f544c6eade8352737e6e610e263276b90232db6a578ef899d8
  category: main
  optional: false
- name: uv
  version: 0.11.19
  manager: conda
  platform: linux-64
  dependencies:
    __glibc: '>=2.17,<3.0.a0'
    libgcc: '>=14'
    libstdcxx: '>=14'
  url: https://conda.anaconda.org/conda-forge/linux-64/uv-0.11.19-h26efc2c_0.conda
  hash:
    md5: 1109c2afdae2f3d06b40ab73f82d9b6f
    sha256: 29bbedc6b59436d89ac91f6b0fafc73de1ef4c31b77063590c6ced61b3ce0e58
  category: main
  optional: false
- name: uv
  version: 0.11.19
  manager: conda
  platform: osx-64
  dependencies:
    __osx: '>=11.0'
    libcxx: '>=19'
  url: https://conda.anaconda.org/conda-forge/osx-64/uv-0.11.19-hbe083cb_0.conda
  hash:
    md5: 898a8a108c903f3e672bb2e67f4a2757
    sha256: 19d0eccb1300e9a75fad33019d25895218d07654ebf9c738fc6c4b3c0f8b8fe4
  category: main
  optional: false
- name: uv
  version: 0.11.19
  manager: conda
  platform: osx-arm64
  dependencies:
    __osx: '>=11.0'
    libcxx: '>=19'
  url: https://conda.anaconda.org/conda-forge/osx-arm64/uv-0.11.19-hc169f86_0.conda
  hash:
    md5: 2c6b3d149d7a3b861329ed5425508aa4
    sha256: cd800ce01106427c3626695d3f03d31d4bd26bf2981b3e30ef3c7a08716a2730
  category: main
  optional: false
- name: wheel
  version: 0.47.0
  manager: conda
  platform: linux-64
  dependencies:
    packaging: '>=24.0'
    python: '>=3.10'
  url: https://conda.anaconda.org/conda-forge/noarch/wheel-0.47.0-pyhd8ed1ab_0.conda
  hash:
    md5: d0e3b2f0030cf4fca58bde71d246e94c
    sha256: 9e156ffaefb8463437144326ada4b85d1de17961b9997ac5f1cbbaf747bd8bed
  category: main
  optional: false
- name: wheel
  version: 0.47.0
  manager: conda
  platform: osx-64
  dependencies:
    packaging: '>=24.0'
    python: '>=3.10'
  url: https://conda.anaconda.org/conda-forge/noarch/wheel-0.47.0-pyhd8ed1ab_0.conda
  hash:
    md5: d0e3b2f0030cf4fca58bde71d246e94c
    sha256: 9e156ffaefb8463437144326ada4b85d1de17961b9997ac5f1cbbaf747bd8bed
  category: main
  optional: false
- name: wheel
  version: 0.47.0
  manager: conda
  platform: osx-arm64
  dependencies:
    packaging: '>=24.0'
    python: '>=3.10'
  url: https://conda.anaconda.org/conda-forge/noarch/wheel-0.47.0-pyhd8ed1ab_0.conda
  hash:
    md5: d0e3b2f0030cf4fca58bde71d246e94c
    sha256: 9e156ffaefb8463437144326ada4b85d1de17961b9997ac5f1cbbaf747bd8bed
  category: main
  optional: false
- name: zstd
  version: 1.5.7
  manager: conda
  platform: linux-64
  dependencies:
    __glibc: '>=2.17,<3.0.a0'
    libzlib: '>=1.3.1,<2.0a0'
  url: https://conda.anaconda.org/conda-forge/linux-64/zstd-1.5.7-hb78ec9c_6.conda
  hash:
    md5: 4a13eeac0b5c8e5b8ab496e6c4ddd829
    sha256: 68f0206ca6e98fea941e5717cec780ed2873ffabc0e1ed34428c061e2c6268c7
  category: main
  optional: false
- name: zstd
  version: 1.5.7
  manager: conda
  platform: osx-64
  dependencies:
    __osx: '>=10.13'
    libzlib: '>=1.3.1,<2.0a0'
  url: https://conda.anaconda.org/conda-forge/osx-64/zstd-1.5.7-h3eecb57_6.conda
  hash:
    md5: 727109b184d680772e3122f40136d5ca
    sha256: 47101a4055a70a4876ffc87b750ab2287b67eca793f21c8224be5e1ee6394d3f
  category: main
  optional: false
- name: zstd
  version: 1.5.7
  manager: conda
  platform: osx-arm64
  dependencies:
    __osx: '>=11.0'
    libzlib: '>=1.3.1,<2.0a0'
  url: https://conda.anaconda.org/conda-forge/osx-arm64/zstd-1.5.7-hbf9d68e_6.conda
  hash:
    md5: ab136e4c34e97f34fb621d2592a393d8
    sha256: 9485ba49e8f47d2b597dd399e88f4802e100851b27c21d7525625b0b4025a5d9
  category: main
  optional: false
